
Microsoft Visual Studio Solution File, Format Version 12.00
# Visual Studio 15
VisualStudioVersion = 15.0.26730.12
MinimumVisualStudioVersion = 10.0.40219.1
Project("{9A19103F-16F7-4668-BE54-9A1E7A4F7556}") = "Training.MongoDb", "Training.MongoDb\Training.MongoDb.csproj", "{AA65DC6F-7D41-41B4-A1A1-E6D90004AF0E}"
EndProject
Project("{9A19103F-16F7-4668-BE54-9A1E7A4F7556}") = "Training.MongoDBService", "Training.MongoDBService\Training.MongoDBService.csproj", "{4CC3DF97-4317-485E-B6A3-EE7FC741B336}"
EndProject
Project("{9A19103F-16F7-4668-BE54-9A1E7A4F7556}") = "Training.DependencyInjection", "Training.DependencyInjection\Training.DependencyInjection.csproj", "{3BD73F9F-C606-43FB-BECB-845197765DC5}"
EndProject
Project("{FAE04EC0-301F-11D3-BF4B-00C04F79EFBC}") = "Training.Automapper", "Training.Automapper\Training.Automapper.csproj", "{EB8147D1-4ED1-48D8-AB58-FA248DC7C370}"
EndProject
Global
	GlobalSection(SolutionConfigurationPlatforms) = preSolution
		Debug|Any CPU = Debug|Any CPU
		Release|Any CPU = Release|Any CPU
	EndGlobalSection
	GlobalSection(ProjectConfigurationPlatforms) = postSolution
		{AA65DC6F-7D41-41B4-A1A1-E6D90004AF0E}.Debug|Any CPU.ActiveCfg = Debug|Any CPU
		{AA65DC6F-7D41-41B4-A1A1-E6D90004AF0E}.Debug|Any CPU.Build.0 = Debug|Any CPU
		{AA65DC6F-7D41-41B4-A1A1-E6D90004AF0E}.Release|Any CPU.ActiveCfg = Release|Any CPU
		{AA65DC6F-7D41-41B4-A1A1-E6D90004AF0E}.Release|Any CPU.Build.0 = Release|Any CPU
		{4CC3DF97-4317-485E-B6A3-EE7FC741B336}.Debug|Any CPU.ActiveCfg = Debug|Any CPU
		{4CC3DF97-4317-485E-B6A3-EE7FC741B336}.Debug|Any CPU.Build.0 = Debug|Any CPU
		{4CC3DF97-4317-485E-B6A3-EE7FC741B336}.Release|Any CPU.ActiveCfg = Release|Any CPU
		{4CC3DF97-4317-485E-B6A3-EE7FC741B336}.Release|Any CPU.Build.0 = Release|Any CPU
		{3BD73F9F-C606-43FB-BECB-845197765DC5}.Debug|Any CPU.ActiveCfg = Debug|Any CPU
		{3BD73F9F-C606-43FB-BECB-845197765DC5}.Debug|Any CPU.Build.0 = Debug|Any CPU
		{3BD73F9F-C606-43FB-BECB-845197765DC5}.Release|Any CPU.ActiveCfg = Release|Any CPU
		{3BD73F9F-C606-43FB-BECB-845197765DC5}.Release|Any CPU.Build.0 = Release|Any CPU
		{EB8147D1-4ED1-48D8-AB58-FA248DC7C370}.Debug|Any CPU.ActiveCfg = Debug|Any CPU
		{EB8147D1-4ED1-48D8-AB58-FA248DC7C370}.Debug|Any CPU.Build.0 = Debug|Any CPU
		{EB8147D1-4ED1-48D8-AB58-FA248DC7C370}.Release|Any CPU.ActiveCfg = Release|Any CPU
		{EB8147D1-4ED1-48D8-AB58-FA248DC7C370}.Release|Any CPU.Build.0 = Release|Any CPU
	EndGlobalSection
	GlobalSection(SolutionProperties) = preSolution
		HideSolutionNode = FALSE
	EndGlobalSection
	GlobalSection(ExtensibilityGlobals) = postSolution
		SolutionGuid = {A2284622-9D76-4806-90B6-CA19708FBDF9}
	EndGlobalSection
EndGlobal
